// !$*UTF8*$!
{
	archiveVersion = 1;
	classes = {
	};
	objectVersion = 56;
	objects = {

/* Begin PBXBuildFile section */
		515EF9492A545E3200557B80 /* SignInController.swift in Sources */ = {isa = PBXBuildFile; fileRef = 515EF9482A545E3200557B80 /* SignInController.swift */; };
		51D433A22A5976D300CF019B /* FavouritesController.swift in Sources */ = {isa = PBXBuildFile; fileRef = 51D433A12A5976D300CF019B /* FavouritesController.swift */; };
		51D433A42A599F7B00CF019B /* FavouriteTableViewCell.swift in Sources */ = {isa = PBXBuildFile; fileRef = 51D433A32A599F7B00CF019B /* FavouriteTableViewCell.swift */; };
		C9E80B1D80FC81DB6C353C3D /* Pods_storecube_ios.framework in Frameworks */ = {isa = PBXBuildFile; fileRef = 205A888770ED476378838CC6 /* Pods_storecube_ios.framework */; };
		F1E292EA2A53EC14002C798A /* AppDelegate.swift in Sources */ = {isa = PBXBuildFile; fileRef = F1E292E92A53EC14002C798A /* AppDelegate.swift */; };
		F1E292EC2A53EC14002C798A /* SceneDelegate.swift in Sources */ = {isa = PBXBuildFile; fileRef = F1E292EB2A53EC14002C798A /* SceneDelegate.swift */; };
		F1E292EE2A53EC14002C798A /* ViewController.swift in Sources */ = {isa = PBXBuildFile; fileRef = F1E292ED2A53EC14002C798A /* ViewController.swift */; };
		F1E292F12A53EC14002C798A /* Main.storyboard in Resources */ = {isa = PBXBuildFile; fileRef = F1E292EF2A53EC14002C798A /* Main.storyboard */; };
		F1E292F32A53EC16002C798A /* Assets.xcassets in Resources */ = {isa = PBXBuildFile; fileRef = F1E292F22A53EC16002C798A /* Assets.xcassets */; };
		F1E292F62A53EC16002C798A /* LaunchScreen.storyboard in Resources */ = {isa = PBXBuildFile; fileRef = F1E292F42A53EC16002C798A /* LaunchScreen.storyboard */; };
		F1E292FF2A5427D1002C798A /* SignUpController.swift in Sources */ = {isa = PBXBuildFile; fileRef = F1E292FE2A5427D1002C798A /* SignUpController.swift */; };
/* End PBXBuildFile section */

/* Begin PBXFileReference section */
		205A888770ED476378838CC6 /* Pods_storecube_ios.framework */ = {isa = PBXFileReference; explicitFileType = wrapper.framework; includeInIndex = 0; path = Pods_storecube_ios.framework; sourceTree = BUILT_PRODUCTS_DIR; };
		3816E0D29FF02DB3D4BA2CD9 /* Pods-storecube-ios.debug.xcconfig */ = {isa = PBXFileReference; includeInIndex = 1; lastKnownFileType = text.xcconfig; name = "Pods-storecube-ios.debug.xcconfig"; path = "Target Support Files/Pods-storecube-ios/Pods-storecube-ios.debug.xcconfig"; sourceTree = "<group>"; };
		515EF9482A545E3200557B80 /* SignInController.swift */ = {isa = PBXFileReference; lastKnownFileType = sourcecode.swift; path = SignInController.swift; sourceTree = "<group>"; };
		51D433A12A5976D300CF019B /* FavouritesController.swift */ = {isa = PBXFileReference; lastKnownFileType = sourcecode.swift; path = FavouritesController.swift; sourceTree = "<group>"; };
		51D433A32A599F7B00CF019B /* FavouriteTableViewCell.swift */ = {isa = PBXFileReference; lastKnownFileType = sourcecode.swift; path = FavouriteTableViewCell.swift; sourceTree = "<group>"; };
		9EAC1E4F34729BF42668CE9E /* Pods-storecube-ios.release.xcconfig */ = {isa = PBXFileReference; includeInIndex = 1; lastKnownFileType = text.xcconfig; name = "Pods-storecube-ios.release.xcconfig"; path = "Target Support Files/Pods-storecube-ios/Pods-storecube-ios.release.xcconfig"; sourceTree = "<group>"; };
		F1E292E62A53EC14002C798A /* storecube-ios.app */ = {isa = PBXFileReference; explicitFileType = wrapper.application; includeInIndex = 0; path = "storecube-ios.app"; sourceTree = BUILT_PRODUCTS_DIR; };
		F1E292E92A53EC14002C798A /* AppDelegate.swift */ = {isa = PBXFileReference; lastKnownFileType = sourcecode.swift; path = AppDelegate.swift; sourceTree = "<group>"; };
		F1E292EB2A53EC14002C798A /* SceneDelegate.swift */ = {isa = PBXFileReference; lastKnownFileType = sourcecode.swift; path = SceneDelegate.swift; sourceTree = "<group>"; };
		F1E292ED2A53EC14002C798A /* ViewController.swift */ = {isa = PBXFileReference; lastKnownFileType = sourcecode.swift; path = ViewController.swift; sourceTree = "<group>"; };
		F1E292F02A53EC14002C798A /* Base */ = {isa = PBXFileReference; lastKnownFileType = file.storyboard; name = Base; path = Base.lproj/Main.storyboard; sourceTree = "<group>"; };
		F1E292F22A53EC16002C798A /* Assets.xcassets */ = {isa = PBXFileReference; lastKnownFileType = folder.assetcatalog; path = Assets.xcassets; sourceTree = "<group>"; };
		F1E292F52A53EC16002C798A /* Base */ = {isa = PBXFileReference; lastKnownFileType = file.storyboard; name = Base; path = Base.lproj/LaunchScreen.storyboard; sourceTree = "<group>"; };
		F1E292F72A53EC16002C798A /* Info.plist */ = {isa = PBXFileReference; lastKnownFileType = text.plist.xml; path = Info.plist; sourceTree = "<group>"; };
		F1E292FE2A5427D1002C798A /* SignUpController.swift */ = {isa = PBXFileReference; lastKnownFileType = sourcecode.swift; path = SignUpController.swift; sourceTree = "<group>"; };
/* End PBXFileReference section */

/* Begin PBXFrameworksBuildPhase section */
		F1E292E32A53EC14002C798A /* Frameworks */ = {
			isa = PBXFrameworksBuildPhase;
			buildActionMask = 2147483647;
			files = (
				C9E80B1D80FC81DB6C353C3D /* Pods_storecube_ios.framework in Frameworks */,
			);
			runOnlyForDeploymentPostprocessing = 0;
		};
/* End PBXFrameworksBuildPhase section */

/* Begin PBXGroup section */
		2553FF0F5F09CE789F3A4AC2 /* Frameworks */ = {
			isa = PBXGroup;
			children = (
				205A888770ED476378838CC6 /* Pods_storecube_ios.framework */,
			);
			name = Frameworks;
			sourceTree = "<group>";
		};
		515EF9472A545DBC00557B80 /* SignIn */ = {
			isa = PBXGroup;
			children = (
				515EF9482A545E3200557B80 /* SignInController.swift */,
			);
			path = SignIn;
			sourceTree = "<group>";
		};
		51D433A02A59760800CF019B /* Favourites */ = {
			isa = PBXGroup;
			children = (
				51D433A12A5976D300CF019B /* FavouritesController.swift */,
				51D433A32A599F7B00CF019B /* FavouriteTableViewCell.swift */,
			);
			path = Favourites;
			sourceTree = "<group>";
		};
		F1E292DD2A53EC14002C798A = {
			isa = PBXGroup;
			children = (
				F1E292E82A53EC14002C798A /* storecube-ios */,
				F1E292E72A53EC14002C798A /* Products */,
				FD86AA5D1C5997DEA7E9810C /* Pods */,
				2553FF0F5F09CE789F3A4AC2 /* Frameworks */,
			);
			sourceTree = "<group>";
		};
		F1E292E72A53EC14002C798A /* Products */ = {
			isa = PBXGroup;
			children = (
				F1E292E62A53EC14002C798A /* storecube-ios.app */,
			);
			name = Products;
			sourceTree = "<group>";
		};
		F1E292E82A53EC14002C798A /* storecube-ios */ = {
			isa = PBXGroup;
			children = (
				51D433A02A59760800CF019B /* Favourites */,
				515EF9472A545DBC00557B80 /* SignIn */,
				F1E292FD2A5427A7002C798A /* SignUp */,
				F1E292E92A53EC14002C798A /* AppDelegate.swift */,
				F1E292EB2A53EC14002C798A /* SceneDelegate.swift */,
				F1E292ED2A53EC14002C798A /* ViewController.swift */,
				F1E292EF2A53EC14002C798A /* Main.storyboard */,
				F1E292F22A53EC16002C798A /* Assets.xcassets */,
				F1E292F42A53EC16002C798A /* LaunchScreen.storyboard */,
				F1E292F72A53EC16002C798A /* Info.plist */,
			);
			path = "storecube-ios";
			sourceTree = "<group>";
		};
		F1E292FD2A5427A7002C798A /* SignUp */ = {
			isa = PBXGroup;
			children = (
				F1E292FE2A5427D1002C798A /* SignUpController.swift */,
			);
			path = SignUp;
			sourceTree = "<group>";
		};
		FD86AA5D1C5997DEA7E9810C /* Pods */ = {
			isa = PBXGroup;
			children = (
				3816E0D29FF02DB3D4BA2CD9 /* Pods-storecube-ios.debug.xcconfig */,
				9EAC1E4F34729BF42668CE9E /* Pods-storecube-ios.release.xcconfig */,
			);
			path = Pods;
			sourceTree = "<group>";
		};
/* End PBXGroup section */

/* Begin PBXNativeTarget section */
		F1E292E52A53EC14002C798A /* storecube-ios */ = {
			isa = PBXNativeTarget;
			buildConfigurationList = F1E292FA2A53EC16002C798A /* Build configuration list for PBXNativeTarget "storecube-ios" */;
			buildPhases = (
				B658C3EEF3964AEB1BB61A85 /* [CP] Check Pods Manifest.lock */,
				F1E292E22A53EC14002C798A /* Sources */,
				F1E292E32A53EC14002C798A /* Frameworks */,
				F1E292E42A53EC14002C798A /* Resources */,
				7D84345C10735AA014C5DDC6 /* [CP] Embed Pods Frameworks */,
			);
			buildRules = (
			);
			dependencies = (
			);
			name = "storecube-ios";
			productName = "storecube-ios";
			productReference = F1E292E62A53EC14002C798A /* storecube-ios.app */;
			productType = "com.apple.product-type.application";
		};
/* End PBXNativeTarget section */

/* Begin PBXProject section */
		F1E292DE2A53EC14002C798A /* Project object */ = {
			isa = PBXProject;
			attributes = {
				BuildIndependentTargetsInParallel = 1;
				LastSwiftUpdateCheck = 1430;
				LastUpgradeCheck = 1430;
				TargetAttributes = {
					F1E292E52A53EC14002C798A = {
						CreatedOnToolsVersion = 14.3.1;
					};
				};
			};
			buildConfigurationList = F1E292E12A53EC14002C798A /* Build configuration list for PBXProject "storecube-ios" */;
			compatibilityVersion = "Xcode 14.0";
			developmentRegion = en;
			hasScannedForEncodings = 0;
			knownRegions = (
				en,
				Base,
			);
			mainGroup = F1E292DD2A53EC14002C798A;
			productRefGroup = F1E292E72A53EC14002C798A /* Products */;
			projectDirPath = "";
			projectRoot = "";
			targets = (
				F1E292E52A53EC14002C798A /* storecube-ios */,
			);
		};
/* End PBXProject section */

/* Begin PBXResourcesBuildPhase section */
		F1E292E42A53EC14002C798A /* Resources */ = {
			isa = PBXResourcesBuildPhase;
			buildActionMask = 2147483647;
			files = (
				F1E292F62A53EC16002C798A /* LaunchScreen.storyboard in Resources */,
				F1E292F32A53EC16002C798A /* Assets.xcassets in Resources */,
				F1E292F12A53EC14002C798A /* Main.storyboard in Resources */,
			);
			runOnlyForDeploymentPostprocessing = 0;
		};
/* End PBXResourcesBuildPhase section */

/* Begin PBXShellScriptBuildPhase section */
		7D84345C10735AA014C5DDC6 /* [CP] Embed Pods Frameworks */ = {
			isa = PBXShellScriptBuildPhase;
			buildActionMask = 2147483647;
			files = (
			);
			inputFileListPaths = (
				"${PODS_ROOT}/Target Support Files/Pods-storecube-ios/Pods-storecube-ios-frameworks-${CONFIGURATION}-input-files.xcfilelist",
			);
			name = "[CP] Embed Pods Frameworks";
			outputFileListPaths = (
				"${PODS_ROOT}/Target Support Files/Pods-storecube-ios/Pods-storecube-ios-frameworks-${CONFIGURATION}-output-files.xcfilelist",
			);
			runOnlyForDeploymentPostprocessing = 0;
			shellPath = /bin/sh;
			shellScript = "\"${PODS_ROOT}/Target Support Files/Pods-storecube-ios/Pods-storecube-ios-frameworks.sh\"\n";
			showEnvVarsInLog = 0;
		};
		B658C3EEF3964AEB1BB61A85 /* [CP] Check Pods Manifest.lock */ = {
			isa = PBXShellScriptBuildPhase;
			buildActionMask = 2147483647;
			files = (
			);
			inputFileListPaths = (
			);
			inputPaths = (
				"${PODS_PODFILE_DIR_PATH}/Podfile.lock",
				"${PODS_ROOT}/Manifest.lock",
			);
			name = "[CP] Check Pods Manifest.lock";
			outputFileListPaths = (
			);
			outputPaths = (
				"$(DERIVED_FILE_DIR)/Pods-storecube-ios-checkManifestLockResult.txt",
			);
			runOnlyForDeploymentPostprocessing = 0;
			shellPath = /bin/sh;
			shellScript = "diff \"${PODS_PODFILE_DIR_PATH}/Podfile.lock\" \"${PODS_ROOT}/Manifest.lock\" > /dev/null\nif [ $? != 0 ] ; then\n    # print error to STDERR\n    echo \"error: The sandbox is not in sync with the Podfile.lock. Run 'pod install' or update your CocoaPods installation.\" >&2\n    exit 1\nfi\n# This output is used by Xcode 'outputs' to avoid re-running this script phase.\necho \"SUCCESS\" > \"${SCRIPT_OUTPUT_FILE_0}\"\n";
			showEnvVarsInLog = 0;
		};
/* End PBXShellScriptBuildPhase section */

/* Begin PBXSourcesBuildPhase section */
		F1E292E22A53EC14002C798A /* Sources */ = {
			isa = PBXSourcesBuildPhase;
			buildActionMask = 2147483647;
			files = (
				F1E292EE2A53EC14002C798A /* ViewController.swift in Sources */,
				515EF9492A545E3200557B80 /* SignInController.swift in Sources */,
				F1E292EA2A53EC14002C798A /* AppDelegate.swift in Sources */,
				51D433A22A5976D300CF019B /* FavouritesController.swift in Sources */,
				51D433A42A599F7B00CF019B /* FavouriteTableViewCell.swift in Sources */,
				F1E292EC2A53EC14002C798A /* SceneDelegate.swift in Sources */,
				F1E292FF2A5427D1002C798A /* SignUpController.swift in Sources */,
				517641BB2A5D542B00620908 /* ProfileController.swift in Sources */,
			);
			runOnlyForDeploymentPostprocessing = 0;
		};
/* End PBXSourcesBuildPhase section */

/* Begin PBXVariantGroup section */
		F1E292EF2A53EC14002C798A /* Main.storyboard */ = {
			isa = PBXVariantGroup;
			children = (
				F1E292F02A53EC14002C798A /* Base */,
			);
			name = Main.storyboard;
			sourceTree = "<group>";
		};
		F1E292F42A53EC16002C798A /* LaunchScreen.storyboard */ = {
			isa = PBXVariantGroup;
			children = (
				F1E292F52A53EC16002C798A /* Base */,
			);
			name = LaunchScreen.storyboard;
			sourceTree = "<group>";
		};
/* End PBXVariantGroup section */

/* Begin XCBuildConfiguration section */
		F1E292F82A53EC16002C798A /* Debug */ = {
			isa = XCBuildConfiguration;
			buildSettings = {
				ALWAYS_SEARCH_USER_PATHS = NO;
				CLANG_ANALYZER_NONNULL = YES;
				CLANG_ANALYZER_NUMBER_OBJECT_CONVERSION = YES_AGGRESSIVE;
				CLANG_CXX_LANGUAGE_STANDARD = "gnu++20";
				CLANG_ENABLE_MODULES = YES;
				CLANG_ENABLE_OBJC_ARC = YES;
				CLANG_ENABLE_OBJC_WEAK = YES;
				CLANG_WARN_BLOCK_CAPTURE_AUTORELEASING = YES;
				CLANG_WARN_BOOL_CONVERSION = YES;
				CLANG_WARN_COMMA = YES;
				CLANG_WARN_CONSTANT_CONVERSION = YES;
				CLANG_WARN_DEPRECATED_OBJC_IMPLEMENTATIONS = YES;
				CLANG_WARN_DIRECT_OBJC_ISA_USAGE = YES_ERROR;
				CLANG_WARN_DOCUMENTATION_COMMENTS = YES;
				CLANG_WARN_EMPTY_BODY = YES;
				CLANG_WARN_ENUM_CONVERSION = YES;
				CLANG_WARN_INFINITE_RECURSION = YES;
				CLANG_WARN_INT_CONVERSION = YES;
				CLANG_WARN_NON_LITERAL_NULL_CONVERSION = YES;
				CLANG_WARN_OBJC_IMPLICIT_RETAIN_SELF = YES;
				CLANG_WARN_OBJC_LITERAL_CONVERSION = YES;
				CLANG_WARN_OBJC_ROOT_CLASS = YES_ERROR;
				CLANG_WARN_QUOTED_INCLUDE_IN_FRAMEWORK_HEADER = YES;
				CLANG_WARN_RANGE_LOOP_ANALYSIS = YES;
				CLANG_WARN_STRICT_PROTOTYPES = YES;
				CLANG_WARN_SUSPICIOUS_MOVE = YES;
				CLANG_WARN_UNGUARDED_AVAILABILITY = YES_AGGRESSIVE;
				CLANG_WARN_UNREACHABLE_CODE = YES;
				CLANG_WARN__DUPLICATE_METHOD_MATCH = YES;
				COPY_PHASE_STRIP = NO;
				DEBUG_INFORMATION_FORMAT = dwarf;
				ENABLE_STRICT_OBJC_MSGSEND = YES;
				ENABLE_TESTABILITY = YES;
				GCC_C_LANGUAGE_STANDARD = gnu11;
				GCC_DYNAMIC_NO_PIC = NO;
				GCC_NO_COMMON_BLOCKS = YES;
				GCC_OPTIMIZATION_LEVEL = 0;
				GCC_PREPROCESSOR_DEFINITIONS = (
					"DEBUG=1",
					"$(inherited)",
				);
				GCC_WARN_64_TO_32_BIT_CONVERSION = YES;
				GCC_WARN_ABOUT_RETURN_TYPE = YES_ERROR;
				GCC_WARN_UNDECLARED_SELECTOR = YES;
				GCC_WARN_UNINITIALIZED_AUTOS = YES_AGGRESSIVE;
				GCC_WARN_UNUSED_FUNCTION = YES;
				GCC_WARN_UNUSED_VARIABLE = YES;
				IPHONEOS_DEPLOYMENT_TARGET = 16.4;
				MTL_ENABLE_DEBUG_INFO = INCLUDE_SOURCE;
				MTL_FAST_MATH = YES;
				ONLY_ACTIVE_ARCH = YES;
				SDKROOT = iphoneos;
				SWIFT_ACTIVE_COMPILATION_CONDITIONS = DEBUG;
				SWIFT_OPTIMIZATION_LEVEL = "-Onone";
			};
			name = Debug;
		};
		F1E292F92A53EC16002C798A /* Release */ = {
			isa = XCBuildConfiguration;
			buildSettings = {
				ALWAYS_SEARCH_USER_PATHS = NO;
				CLANG_ANALYZER_NONNULL = YES;
				CLANG_ANALYZER_NUMBER_OBJECT_CONVERSION = YES_AGGRESSIVE;
				CLANG_CXX_LANGUAGE_STANDARD = "gnu++20";
				CLANG_ENABLE_MODULES = YES;
				CLANG_ENABLE_OBJC_ARC = YES;
				CLANG_ENABLE_OBJC_WEAK = YES;
				CLANG_WARN_BLOCK_CAPTURE_AUTORELEASING = YES;
				CLANG_WARN_BOOL_CONVERSION = YES;
				CLANG_WARN_COMMA = YES;
				CLANG_WARN_CONSTANT_CONVERSION = YES;
				CLANG_WARN_DEPRECATED_OBJC_IMPLEMENTATIONS = YES;
				CLANG_WARN_DIRECT_OBJC_ISA_USAGE = YES_ERROR;
				CLANG_WARN_DOCUMENTATION_COMMENTS = YES;
				CLANG_WARN_EMPTY_BODY = YES;
				CLANG_WARN_ENUM_CONVERSION = YES;
				CLANG_WARN_INFINITE_RECURSION = YES;
				CLANG_WARN_INT_CONVERSION = YES;
				CLANG_WARN_NON_LITERAL_NULL_CONVERSION = YES;
				CLANG_WARN_OBJC_IMPLICIT_RETAIN_SELF = YES;
				CLANG_WARN_OBJC_LITERAL_CONVERSION = YES;
				CLANG_WARN_OBJC_ROOT_CLASS = YES_ERROR;
				CLANG_WARN_QUOTED_INCLUDE_IN_FRAMEWORK_HEADER = YES;
				CLANG_WARN_RANGE_LOOP_ANALYSIS = YES;
				CLANG_WARN_STRICT_PROTOTYPES = YES;
				CLANG_WARN_SUSPICIOUS_MOVE = YES;
				CLANG_WARN_UNGUARDED_AVAILABILITY = YES_AGGRESSIVE;
				CLANG_WARN_UNREACHABLE_CODE = YES;
				CLANG_WARN__DUPLICATE_METHOD_MATCH = YES;
				COPY_PHASE_STRIP = NO;
				DEBUG_INFORMATION_FORMAT = "dwarf-with-dsym";
				ENABLE_NS_ASSERTIONS = NO;
				ENABLE_STRICT_OBJC_MSGSEND = YES;
				GCC_C_LANGUAGE_STANDARD = gnu11;
				GCC_NO_COMMON_BLOCKS = YES;
				GCC_WARN_64_TO_32_BIT_CONVERSION = YES;
				GCC_WARN_ABOUT_RETURN_TYPE = YES_ERROR;
				GCC_WARN_UNDECLARED_SELECTOR = YES;
				GCC_WARN_UNINITIALIZED_AUTOS = YES_AGGRESSIVE;
				GCC_WARN_UNUSED_FUNCTION = YES;
				GCC_WARN_UNUSED_VARIABLE = YES;
				IPHONEOS_DEPLOYMENT_TARGET = 16.4;
				MTL_ENABLE_DEBUG_INFO = NO;
				MTL_FAST_MATH = YES;
				SDKROOT = iphoneos;
				SWIFT_COMPILATION_MODE = wholemodule;
				SWIFT_OPTIMIZATION_LEVEL = "-O";
				VALIDATE_PRODUCT = YES;
			};
			name = Release;
		};
		F1E292FB2A53EC16002C798A /* Debug */ = {
			isa = XCBuildConfiguration;
			baseConfigurationReference = 3816E0D29FF02DB3D4BA2CD9 /* Pods-storecube-ios.debug.xcconfig */;
			buildSettings = {
				ASSETCATALOG_COMPILER_APPICON_NAME = AppIcon;
				ASSETCATALOG_COMPILER_GLOBAL_ACCENT_COLOR_NAME = AccentColor;
				CODE_SIGN_STYLE = Automatic;
				CURRENT_PROJECT_VERSION = 1;
				DEVELOPMENT_TEAM = AYN7H8VL2T;
				GENERATE_INFOPLIST_FILE = YES;
				INFOPLIST_FILE = "storecube-ios/Info.plist";
				INFOPLIST_KEY_UIApplicationSupportsIndirectInputEvents = YES;
				INFOPLIST_KEY_UILaunchStoryboardName = LaunchScreen;
				INFOPLIST_KEY_UIMainStoryboardFile = Main;
				INFOPLIST_KEY_UISupportedInterfaceOrientations_iPad = "UIInterfaceOrientationPortrait UIInterfaceOrientationPortraitUpsideDown UIInterfaceOrientationLandscapeLeft UIInterfaceOrientationLandscapeRight";
				INFOPLIST_KEY_UISupportedInterfaceOrientations_iPhone = "UIInterfaceOrientationPortrait UIInterfaceOrientationLandscapeLeft UIInterfaceOrientationLandscapeRight";
				LD_RUNPATH_SEARCH_PATHS = (
					"$(inherited)",
					"@executable_path/Frameworks",
				);
				MARKETING_VERSION = 1.0;
				PRODUCT_BUNDLE_IDENTIFIER = "com.example.storecube-ios";
				PRODUCT_NAME = "$(TARGET_NAME)";
				SWIFT_EMIT_LOC_STRINGS = YES;
				SWIFT_VERSION = 5.0;
				TARGETED_DEVICE_FAMILY = "1,2";
			};
			name = Debug;
		};
		F1E292FC2A53EC16002C798A /* Release */ = {
			isa = XCBuildConfiguration;
			baseConfigurationReference = 9EAC1E4F34729BF42668CE9E /* Pods-storecube-ios.release.xcconfig */;
			buildSettings = {
				ASSETCATALOG_COMPILER_APPICON_NAME = AppIcon;
				ASSETCATALOG_COMPILER_GLOBAL_ACCENT_COLOR_NAME = AccentColor;
				CODE_SIGN_STYLE = Automatic;
				CURRENT_PROJECT_VERSION = 1;
				DEVELOPMENT_TEAM = AYN7H8VL2T;
				GENERATE_INFOPLIST_FILE = YES;
				INFOPLIST_FILE = "storecube-ios/Info.plist";
				INFOPLIST_KEY_UIApplicationSupportsIndirectInputEvents = YES;
				INFOPLIST_KEY_UILaunchStoryboardName = LaunchScreen;
				INFOPLIST_KEY_UIMainStoryboardFile = Main;
				INFOPLIST_KEY_UISupportedInterfaceOrientations_iPad = "UIInterfaceOrientationPortrait UIInterfaceOrientationPortraitUpsideDown UIInterfaceOrientationLandscapeLeft UIInterfaceOrientationLandscapeRight";
				INFOPLIST_KEY_UISupportedInterfaceOrientations_iPhone = "UIInterfaceOrientationPortrait UIInterfaceOrientationLandscapeLeft UIInterfaceOrientationLandscapeRight";
				LD_RUNPATH_SEARCH_PATHS = (
					"$(inherited)",
					"@executable_path/Frameworks",
				);
				MARKETING_VERSION = 1.0;
				PRODUCT_BUNDLE_IDENTIFIER = "com.example.storecube-ios";
				PRODUCT_NAME = "$(TARGET_NAME)";
				SWIFT_EMIT_LOC_STRINGS = YES;
				SWIFT_VERSION = 5.0;
				TARGETED_DEVICE_FAMILY = "1,2";
			};
			name = Release;
		};
/* End XCBuildConfiguration section */

/* Begin XCConfigurationList section */
		F1E292E12A53EC14002C798A /* Build configuration list for PBXProject "storecube-ios" */ = {
			isa = XCConfigurationList;
			buildConfigurations = (
				F1E292F82A53EC16002C798A /* Debug */,
				F1E292F92A53EC16002C798A /* Release */,
			);
			defaultConfigurationIsVisible = 0;
			defaultConfigurationName = Release;
		};
		F1E292FA2A53EC16002C798A /* Build configuration list for PBXNativeTarget "storecube-ios" */ = {
			isa = XCConfigurationList;
			buildConfigurations = (
				F1E292FB2A53EC16002C798A /* Debug */,
				F1E292FC2A53EC16002C798A /* Release */,
			);
			defaultConfigurationIsVisible = 0;
			defaultConfigurationName = Release;
		};
/* End XCConfigurationList section */
	};
	rootObject = F1E292DE2A53EC14002C798A /* Project object */;
}
